
Microsoft Visual Studio Solution File, Format Version 12.00
# Visual Studio 15
VisualStudioVersion = 15.0.27428.2037
MinimumVisualStudioVersion = 10.0.40219.1
Project("{FAE04EC0-301F-11D3-BF4B-00C04F79EFBC}") = "DockWidget", "DockWidget\DockWidget.csproj", "{4AF66229-A409-4718-B25D-BFB3D08A433E}"
EndProject
Global
	GlobalSection(SolutionConfigurationPlatforms) = preSolution
		Debug|Any CPU = Debug|Any CPU
		Release|Any CPU = Release|Any CPU
	EndGlobalSection
	GlobalSection(ProjectConfigurationPlatforms) = postSolution
		{4AF66229-A409-4718-B25D-BFB3D08A433E}.Debug|Any CPU.ActiveCfg = Debug|Any CPU
		{4AF66229-A409-4718-B25D-BFB3D08A433E}.Debug|Any CPU.Build.0 = Debug|Any CPU
		{4AF66229-A409-4718-B25D-BFB3D08A433E}.Release|Any CPU.ActiveCfg = Release|Any CPU
		{4AF66229-A409-4718-B25D-BFB3D08A433E}.Release|Any CPU.Build.0 = Release|Any CPU
	EndGlobalSection
	GlobalSection(SolutionProperties) = preSolution
		HideSolutionNode = FALSE
	EndGlobalSection
	GlobalSection(ExtensibilityGlobals) = postSolution
		SolutionGuid = {C1769435-F74D-4E73-96C6-13A8F8777EA9}
	EndGlobalSection
EndGlobal
